
Microsoft Visual Studio Solution File, Format Version 12.00
# Visual Studio Version 16
VisualStudioVersion = 16.0.31105.61
MinimumVisualStudioVersion = 10.0.40219.1
Project("{FAE04EC0-301F-11D3-BF4B-00C04F79EFBC}") = "Refliction", "Refliction\Refliction.csproj", "{9CB3BE14-5FFC-40E4-853B-566D5B090794}"
EndProject
Global
	GlobalSection(SolutionConfigurationPlatforms) = preSolution
		Debug|Any CPU = Debug|Any CPU
		Release|Any CPU = Release|Any CPU
	EndGlobalSection
	GlobalSection(ProjectConfigurationPlatforms) = postSolution
		{9CB3BE14-5FFC-40E4-853B-566D5B090794}.Debug|Any CPU.ActiveCfg = Debug|Any CPU
		{9CB3BE14-5FFC-40E4-853B-566D5B090794}.Debug|Any CPU.Build.0 = Debug|Any CPU
		{9CB3BE14-5FFC-40E4-853B-566D5B090794}.Release|Any CPU.ActiveCfg = Release|Any CPU
		{9CB3BE14-5FFC-40E4-853B-566D5B090794}.Release|Any CPU.Build.0 = Release|Any CPU
	EndGlobalSection
	GlobalSection(SolutionProperties) = preSolution
		HideSolutionNode = FALSE
	EndGlobalSection
	GlobalSection(ExtensibilityGlobals) = postSolution
		SolutionGuid = {68360C42-F060-417E-91FE-0749869D7541}
	EndGlobalSection
EndGlobal
